// !$*UTF8*$!
{
	archiveVersion = 1;
	classes = {
	};
	objectVersion = 46;
	objects = {

/* Begin PBXBuildFile section */
		01393AB71F24D89D0037D32D /* SenderTableViewCell.swift in Sources */ = {isa = PBXBuildFile; fileRef = 01393AB61F24D89D0037D32D /* SenderTableViewCell.swift */; };
		01393AB91F24E3EB0037D32D /* ReceiverTableViewCell.swift in Sources */ = {isa = PBXBuildFile; fileRef = 01393AB81F24E3EB0037D32D /* ReceiverTableViewCell.swift */; };
		018280111F29C2CD00A16879 /* Message.swift in Sources */ = {isa = PBXBuildFile; fileRef = 018280101F29C2CD00A16879 /* Message.swift */; };
		0190ABEC1F1F6AE500185275 /* MessagesTableViewController.swift in Sources */ = {isa = PBXBuildFile; fileRef = 0190ABEB1F1F6AE500185275 /* MessagesTableViewController.swift */; };
		0190ABEE1F1F6F6100185275 /* MessageTableViewCell.swift in Sources */ = {isa = PBXBuildFile; fileRef = 0190ABED1F1F6F6100185275 /* MessageTableViewCell.swift */; };
		0190ABFA1F1F826000185275 /* ChatViewController.swift in Sources */ = {isa = PBXBuildFile; fileRef = 0190ABF91F1F826000185275 /* ChatViewController.swift */; };
		01D97D8E1F27259C00F4A048 /* Launch Screen.storyboard in Resources */ = {isa = PBXBuildFile; fileRef = 01D97D8D1F27259C00F4A048 /* Launch Screen.storyboard */; };
		01F9B12D1F1F67B10028B568 /* AppDelegate.swift in Sources */ = {isa = PBXBuildFile; fileRef = 01F9B12C1F1F67B10028B568 /* AppDelegate.swift */; };
		01F9B1321F1F67B10028B568 /* Main.storyboard in Resources */ = {isa = PBXBuildFile; fileRef = 01F9B1301F1F67B10028B568 /* Main.storyboard */; };
		01F9B1341F1F67B10028B568 /* Assets.xcassets in Resources */ = {isa = PBXBuildFile; fileRef = 01F9B1331F1F67B10028B568 /* Assets.xcassets */; };
/* End PBXBuildFile section */

/* Begin PBXFileReference section */
		01393AB61F24D89D0037D32D /* SenderTableViewCell.swift */ = {isa = PBXFileReference; fileEncoding = 4; lastKnownFileType = sourcecode.swift; path = SenderTableViewCell.swift; sourceTree = "<group>"; };
		01393AB81F24E3EB0037D32D /* ReceiverTableViewCell.swift */ = {isa = PBXFileReference; fileEncoding = 4; lastKnownFileType = sourcecode.swift; path = ReceiverTableViewCell.swift; sourceTree = "<group>"; };
		018280101F29C2CD00A16879 /* Message.swift */ = {isa = PBXFileReference; fileEncoding = 4; lastKnownFileType = sourcecode.swift; path = Message.swift; sourceTree = "<group>"; };
		0190ABEB1F1F6AE500185275 /* MessagesTableViewController.swift */ = {isa = PBXFileReference; fileEncoding = 4; lastKnownFileType = sourcecode.swift; path = MessagesTableViewController.swift; sourceTree = "<group>"; };
		0190ABED1F1F6F6100185275 /* MessageTableViewCell.swift */ = {isa = PBXFileReference; fileEncoding = 4; lastKnownFileType = sourcecode.swift; path = MessageTableViewCell.swift; sourceTree = "<group>"; };
		0190ABF91F1F826000185275 /* ChatViewController.swift */ = {isa = PBXFileReference; fileEncoding = 4; lastKnownFileType = sourcecode.swift; path = ChatViewController.swift; sourceTree = "<group>"; };
		01D97D8D1F27259C00F4A048 /* Launch Screen.storyboard */ = {isa = PBXFileReference; fileEncoding = 4; lastKnownFileType = file.storyboard; path = "Launch Screen.storyboard"; sourceTree = "<group>"; };
		01F9B1291F1F67B10028B568 /* Custom-Chat.app */ = {isa = PBXFileReference; explicitFileType = wrapper.application; includeInIndex = 0; path = "Custom-Chat.app"; sourceTree = BUILT_PRODUCTS_DIR; };
		01F9B12C1F1F67B10028B568 /* AppDelegate.swift */ = {isa = PBXFileReference; lastKnownFileType = sourcecode.swift; path = AppDelegate.swift; sourceTree = "<group>"; };
		01F9B1311F1F67B10028B568 /* Base */ = {isa = PBXFileReference; lastKnownFileType = file.storyboard; name = Base; path = Base.lproj/Main.storyboard; sourceTree = "<group>"; };
		01F9B1331F1F67B10028B568 /* Assets.xcassets */ = {isa = PBXFileReference; lastKnownFileType = folder.assetcatalog; path = Assets.xcassets; sourceTree = "<group>"; };
		01F9B1381F1F67B10028B568 /* Info.plist */ = {isa = PBXFileReference; lastKnownFileType = text.plist.xml; path = Info.plist; sourceTree = "<group>"; };
/* End PBXFileReference section */

/* Begin PBXFrameworksBuildPhase section */
		01F9B1261F1F67B10028B568 /* Frameworks */ = {
			isa = PBXFrameworksBuildPhase;
			buildActionMask = 2147483647;
			files = (
			);
			runOnlyForDeploymentPostprocessing = 0;
		};
/* End PBXFrameworksBuildPhase section */

/* Begin PBXGroup section */
		0190ABE71F1F6A7100185275 /* Supporting Files */ = {
			isa = PBXGroup;
			children = (
				01F9B1381F1F67B10028B568 /* Info.plist */,
			);
			name = "Supporting Files";
			sourceTree = "<group>";
		};
		0190ABE81F1F6A8A00185275 /* View */ = {
			isa = PBXGroup;
			children = (
				01F9B1301F1F67B10028B568 /* Main.storyboard */,
				01F9B1331F1F67B10028B568 /* Assets.xcassets */,
				01D97D8D1F27259C00F4A048 /* Launch Screen.storyboard */,
				0190ABEF1F1F6F6F00185275 /* Cell */,
			);
			name = View;
			sourceTree = "<group>";
		};
		0190ABE91F1F6A9700185275 /* Controller */ = {
			isa = PBXGroup;
			children = (
				0190ABEB1F1F6AE500185275 /* MessagesTableViewController.swift */,
				0190ABF91F1F826000185275 /* ChatViewController.swift */,
			);
			name = Controller;
			sourceTree = "<group>";
		};
		0190ABEA1F1F6AA900185275 /* AppDelegate */ = {
			isa = PBXGroup;
			children = (
				01F9B12C1F1F67B10028B568 /* AppDelegate.swift */,
			);
			name = AppDelegate;
			sourceTree = "<group>";
		};
		0190ABEF1F1F6F6F00185275 /* Cell */ = {
			isa = PBXGroup;
			children = (
				0190ABED1F1F6F6100185275 /* MessageTableViewCell.swift */,
				01393AB61F24D89D0037D32D /* SenderTableViewCell.swift */,
				01393AB81F24E3EB0037D32D /* ReceiverTableViewCell.swift */,
			);
			name = Cell;
			sourceTree = "<group>";
		};
		0190ABF01F1F78D900185275 /* Model */ = {
			isa = PBXGroup;
			children = (
				018280101F29C2CD00A16879 /* Message.swift */,
			);
			name = Model;
			sourceTree = "<group>";
		};
		01F9B1201F1F67B10028B568 = {
			isa = PBXGroup;
			children = (
				01F9B12B1F1F67B10028B568 /* Custom-Chat */,
				01F9B12A1F1F67B10028B568 /* Products */,
			);
			sourceTree = "<group>";
		};
		01F9B12A1F1F67B10028B568 /* Products */ = {
			isa = PBXGroup;
			children = (
				01F9B1291F1F67B10028B568 /* Custom-Chat.app */,
			);
			name = Products;
			sourceTree = "<group>";
		};
		01F9B12B1F1F67B10028B568 /* Custom-Chat */ = {
			isa = PBXGroup;
			children = (
				0190ABEA1F1F6AA900185275 /* AppDelegate */,
				0190ABF01F1F78D900185275 /* Model */,
				0190ABE91F1F6A9700185275 /* Controller */,
				0190ABE81F1F6A8A00185275 /* View */,
				0190ABE71F1F6A7100185275 /* Supporting Files */,
			);
			path = "Custom-Chat";
			sourceTree = "<group>";
		};
/* End PBXGroup section */

/* Begin PBXNativeTarget section */
		01F9B1281F1F67B10028B568 /* Custom-Chat */ = {
			isa = PBXNativeTarget;
			buildConfigurationList = 01F9B13B1F1F67B10028B568 /* Build configuration list for PBXNativeTarget "Custom-Chat" */;
			buildPhases = (
				01F9B1251F1F67B10028B568 /* Sources */,
				01F9B1261F1F67B10028B568 /* Frameworks */,
				01F9B1271F1F67B10028B568 /* Resources */,
			);
			buildRules = (
			);
			dependencies = (
			);
			name = "Custom-Chat";
			productName = "Custom-Chat";
			productReference = 01F9B1291F1F67B10028B568 /* Custom-Chat.app */;
			productType = "com.apple.product-type.application";
		};
/* End PBXNativeTarget section */

/* Begin PBXProject section */
		01F9B1211F1F67B10028B568 /* Project object */ = {
			isa = PBXProject;
			attributes = {
				LastSwiftUpdateCheck = 0830;
				LastUpgradeCheck = 0830;
				ORGANIZATIONNAME = bertug;
				TargetAttributes = {
					01F9B1281F1F67B10028B568 = {
						CreatedOnToolsVersion = 8.3.3;
						DevelopmentTeam = 37V52RJ6S5;
						LastSwiftMigration = 0830;
						ProvisioningStyle = Automatic;
					};
				};
			};
			buildConfigurationList = 01F9B1241F1F67B10028B568 /* Build configuration list for PBXProject "Custom-Chat" */;
			compatibilityVersion = "Xcode 3.2";
			developmentRegion = English;
			hasScannedForEncodings = 0;
			knownRegions = (
				en,
				Base,
			);
			mainGroup = 01F9B1201F1F67B10028B568;
			productRefGroup = 01F9B12A1F1F67B10028B568 /* Products */;
			projectDirPath = "";
			projectRoot = "";
			targets = (
				01F9B1281F1F67B10028B568 /* Custom-Chat */,
			);
		};
/* End PBXProject section */

/* Begin PBXResourcesBuildPhase section */
		01F9B1271F1F67B10028B568 /* Resources */ = {
			isa = PBXResourcesBuildPhase;
			buildActionMask = 2147483647;
			files = (
				01D97D8E1F27259C00F4A048 /* Launch Screen.storyboard in Resources */,
				01F9B1341F1F67B10028B568 /* Assets.xcassets in Resources */,
				01F9B1321F1F67B10028B568 /* Main.storyboard in Resources */,
			);
			runOnlyForDeploymentPostprocessing = 0;
		};
/* End PBXResourcesBuildPhase section */

/* Begin PBXSourcesBuildPhase section */
		01F9B1251F1F67B10028B568 /* Sources */ = {
			isa = PBXSourcesBuildPhase;
			buildActionMask = 2147483647;
			files = (
				01F9B12D1F1F67B10028B568 /* AppDelegate.swift in Sources */,
				0190ABEC1F1F6AE500185275 /* MessagesTableViewController.swift in Sources */,
				0190ABFA1F1F826000185275 /* ChatViewController.swift in Sources */,
				01393AB71F24D89D0037D32D /* SenderTableViewCell.swift in Sources */,
				01393AB91F24E3EB0037D32D /* ReceiverTableViewCell.swift in Sources */,
				0190ABEE1F1F6F6100185275 /* MessageTableViewCell.swift in Sources */,
				018280111F29C2CD00A16879 /* Message.swift in Sources */,
			);
			runOnlyForDeploymentPostprocessing = 0;
		};
/* End PBXSourcesBuildPhase section */

/* Begin PBXVariantGroup section */
		01F9B1301F1F67B10028B568 /* Main.storyboard */ = {
			isa = PBXVariantGroup;
			children = (
				01F9B1311F1F67B10028B568 /* Base */,
			);
			name = Main.storyboard;
			sourceTree = "<group>";
		};
/* End PBXVariantGroup section */

/* Begin XCBuildConfiguration section */
		01F9B1391F1F67B10028B568 /* Debug */ = {
			isa = XCBuildConfiguration;
			buildSettings = {
				ALWAYS_SEARCH_USER_PATHS = NO;
				CLANG_ANALYZER_NONNULL = YES;
				CLANG_ANALYZER_NUMBER_OBJECT_CONVERSION = YES_AGGRESSIVE;
				CLANG_CXX_LANGUAGE_STANDARD = "gnu++0x";
				CLANG_CXX_LIBRARY = "libc++";
				CLANG_ENABLE_MODULES = YES;
				CLANG_ENABLE_OBJC_ARC = YES;
				CLANG_WARN_BOOL_CONVERSION = YES;
				CLANG_WARN_CONSTANT_CONVERSION = YES;
				CLANG_WARN_DIRECT_OBJC_ISA_USAGE = YES_ERROR;
				CLANG_WARN_DOCUMENTATION_COMMENTS = YES;
				CLANG_WARN_EMPTY_BODY = YES;
				CLANG_WARN_ENUM_CONVERSION = YES;
				CLANG_WARN_INFINITE_RECURSION = YES;
				CLANG_WARN_INT_CONVERSION = YES;
				CLANG_WARN_OBJC_ROOT_CLASS = YES_ERROR;
				CLANG_WARN_SUSPICIOUS_MOVE = YES;
				CLANG_WARN_UNREACHABLE_CODE = YES;
				CLANG_WARN__DUPLICATE_METHOD_MATCH = YES;
				"CODE_SIGN_IDENTITY[sdk=iphoneos*]" = "iPhone Developer";
				COPY_PHASE_STRIP = NO;
				DEBUG_INFORMATION_FORMAT = dwarf;
				ENABLE_STRICT_OBJC_MSGSEND = YES;
				ENABLE_TESTABILITY = YES;
				GCC_C_LANGUAGE_STANDARD = gnu99;
				GCC_DYNAMIC_NO_PIC = NO;
				GCC_NO_COMMON_BLOCKS = YES;
				GCC_OPTIMIZATION_LEVEL = 0;
				GCC_PREPROCESSOR_DEFINITIONS = (
					"DEBUG=1",
					"$(inherited)",
				);
				GCC_WARN_64_TO_32_BIT_CONVERSION = YES;
				GCC_WARN_ABOUT_RETURN_TYPE = YES_ERROR;
				GCC_WARN_UNDECLARED_SELECTOR = YES;
				GCC_WARN_UNINITIALIZED_AUTOS = YES_AGGRESSIVE;
				GCC_WARN_UNUSED_FUNCTION = YES;
				GCC_WARN_UNUSED_VARIABLE = YES;
				IPHONEOS_DEPLOYMENT_TARGET = 10.3;
				MTL_ENABLE_DEBUG_INFO = YES;
				ONLY_ACTIVE_ARCH = YES;
				SDKROOT = iphoneos;
				SWIFT_ACTIVE_COMPILATION_CONDITIONS = DEBUG;
				SWIFT_OPTIMIZATION_LEVEL = "-Onone";
			};
			name = Debug;
		};
		01F9B13A1F1F67B10028B568 /* Release */ = {
			isa = XCBuildConfiguration;
			buildSettings = {
				ALWAYS_SEARCH_USER_PATHS = NO;
				CLANG_ANALYZER_NONNULL = YES;
				CLANG_ANALYZER_NUMBER_OBJECT_CONVERSION = YES_AGGRESSIVE;
				CLANG_CXX_LANGUAGE_STANDARD = "gnu++0x";
				CLANG_CXX_LIBRARY = "libc++";
				CLANG_ENABLE_MODULES = YES;
				CLANG_ENABLE_OBJC_ARC = YES;
				CLANG_WARN_BOOL_CONVERSION = YES;
				CLANG_WARN_CONSTANT_CONVERSION = YES;
				CLANG_WARN_DIRECT_OBJC_ISA_USAGE = YES_ERROR;
				CLANG_WARN_DOCUMENTATION_COMMENTS = YES;
				CLANG_WARN_EMPTY_BODY = YES;
				CLANG_WARN_ENUM_CONVERSION = YES;
				CLANG_WARN_INFINITE_RECURSION = YES;
				CLANG_WARN_INT_CONVERSION = YES;
				CLANG_WARN_OBJC_ROOT_CLASS = YES_ERROR;
				CLANG_WARN_SUSPICIOUS_MOVE = YES;
				CLANG_WARN_UNREACHABLE_CODE = YES;
				CLANG_WARN__DUPLICATE_METHOD_MATCH = YES;
				"CODE_SIGN_IDENTITY[sdk=iphoneos*]" = "iPhone Developer";
				COPY_PHASE_STRIP = NO;
				DEBUG_INFORMATION_FORMAT = "dwarf-with-dsym";
				ENABLE_NS_ASSERTIONS = NO;
				ENABLE_STRICT_OBJC_MSGSEND = YES;
				GCC_C_LANGUAGE_STANDARD = gnu99;
				GCC_NO_COMMON_BLOCKS = YES;
				GCC_WARN_64_TO_32_BIT_CONVERSION = YES;
				GCC_WARN_ABOUT_RETURN_TYPE = YES_ERROR;
				GCC_WARN_UNDECLARED_SELECTOR = YES;
				GCC_WARN_UNINITIALIZED_AUTOS = YES_AGGRESSIVE;
				GCC_WARN_UNUSED_FUNCTION = YES;
				GCC_WARN_UNUSED_VARIABLE = YES;
				IPHONEOS_DEPLOYMENT_TARGET = 10.3;
				MTL_ENABLE_DEBUG_INFO = NO;
				SDKROOT = iphoneos;
				SWIFT_OPTIMIZATION_LEVEL = "-Owholemodule";
				VALIDATE_PRODUCT = YES;
			};
			name = Release;
		};
		01F9B13C1F1F67B10028B568 /* Debug */ = {
			isa = XCBuildConfiguration;
			buildSettings = {
				ASSETCATALOG_COMPILER_APPICON_NAME = AppIcon;
				CLANG_ENABLE_MODULES = YES;
				DEVELOPMENT_TEAM = 37V52RJ6S5;
				INFOPLIST_FILE = "Custom-Chat/Info.plist";
				LD_RUNPATH_SEARCH_PATHS = "$(inherited) @executable_path/Frameworks";
				PRODUCT_BUNDLE_IDENTIFIER = "com.bertugyilmaz.Custom-Chat";
				PRODUCT_NAME = "$(TARGET_NAME)";
				SWIFT_OPTIMIZATION_LEVEL = "-Onone";
				SWIFT_VERSION = 3.0;
			};
			name = Debug;
		};
		01F9B13D1F1F67B10028B568 /* Release */ = {
			isa = XCBuildConfiguration;
			buildSettings = {
				ASSETCATALOG_COMPILER_APPICON_NAME = AppIcon;
				CLANG_ENABLE_MODULES = YES;
				DEVELOPMENT_TEAM = 37V52RJ6S5;
				INFOPLIST_FILE = "Custom-Chat/Info.plist";
				LD_RUNPATH_SEARCH_PATHS = "$(inherited) @executable_path/Frameworks";
				PRODUCT_BUNDLE_IDENTIFIER = "com.bertugyilmaz.Custom-Chat";
				PRODUCT_NAME = "$(TARGET_NAME)";
				SWIFT_VERSION = 3.0;
			};
			name = Release;
		};
/* End XCBuildConfiguration section */

/* Begin XCConfigurationList section */
		01F9B1241F1F67B10028B568 /* Build configuration list for PBXProject "Custom-Chat" */ = {
			isa = XCConfigurationList;
			buildConfigurations = (
				01F9B1391F1F67B10028B568 /* Debug */,
				01F9B13A1F1F67B10028B568 /* Release */,
			);
			defaultConfigurationIsVisible = 0;
			defaultConfigurationName = Release;
		};
		01F9B13B1F1F67B10028B568 /* Build configuration list for PBXNativeTarget "Custom-Chat" */ = {
			isa = XCConfigurationList;
			buildConfigurations = (
				01F9B13C1F1F67B10028B568 /* Debug */,
				01F9B13D1F1F67B10028B568 /* Release */,
			);
			defaultConfigurationIsVisible = 0;
			defaultConfigurationName = Release;
		};
/* End XCConfigurationList section */
	};
	rootObject = 01F9B1211F1F67B10028B568 /* Project object */;
}
